
Microsoft Visual Studio Solution File, Format Version 12.00
# Visual Studio 2012
Project("{E24C65DC-7377-472B-9ABA-BC803B73C61A}") = "Proyecto_DAII", "http://localhost:4496", "{0AEB912C-01DF-4A43-A05D-C923774D0189}"
	ProjectSection(WebsiteProperties) = preProject
		UseIISExpress = "true"
		TargetFrameworkMoniker = ".NETFramework,Version%3Dv4.5"
		Debug.AspNetCompiler.VirtualPath = "/localhost_4496"
		Debug.AspNetCompiler.PhysicalPath = "..\..\WebSites\Proyecto_DAII\"
		Debug.AspNetCompiler.TargetPath = "PrecompiledWeb\localhost_4496\"
		Debug.AspNetCompiler.Updateable = "true"
		Debug.AspNetCompiler.ForceOverwrite = "true"
		Debug.AspNetCompiler.FixedNames = "false"
		Debug.AspNetCompiler.Debug = "True"
		Release.AspNetCompiler.VirtualPath = "/localhost_4496"
		Release.AspNetCompiler.PhysicalPath = "..\..\WebSites\Proyecto_DAII\"
		Release.AspNetCompiler.TargetPath = "PrecompiledWeb\localhost_4496\"
		Release.AspNetCompiler.Updateable = "true"
		Release.AspNetCompiler.ForceOverwrite = "true"
		Release.AspNetCompiler.FixedNames = "false"
		Release.AspNetCompiler.Debug = "False"
		SlnRelativePath = "..\..\WebSites\Proyecto_DAII\"
		DefaultWebSiteLanguage = "Visual C#"
	EndProjectSection
EndProject
Global
	GlobalSection(SolutionConfigurationPlatforms) = preSolution
		Debug|Any CPU = Debug|Any CPU
	EndGlobalSection
	GlobalSection(ProjectConfigurationPlatforms) = postSolution
		{0AEB912C-01DF-4A43-A05D-C923774D0189}.Debug|Any CPU.ActiveCfg = Debug|Any CPU
		{0AEB912C-01DF-4A43-A05D-C923774D0189}.Debug|Any CPU.Build.0 = Debug|Any CPU
	EndGlobalSection
	GlobalSection(SolutionProperties) = preSolution
		HideSolutionNode = FALSE
	EndGlobalSection
EndGlobal
